schema: '2.0'
stages:
  data_ingestion:
    cmd: python src/data/data_ingestion.py
    deps:
    - path: src/data/data_ingestion.py
      hash: md5
      md5: 269fff1624c9bf6be842ee3e4a771591
      size: 3537
    params:
      params.yaml:
        data_ingestion.test_size: 0.2
    outs:
    - path: data/raw
      hash: md5
      md5: fb326d2eec197669f9638afde28356bf.dir
      size: 827973
      nfiles: 2
  data_preprocessing:
    cmd: python src/data/data_preprocessing.py
    deps:
    - path: data/raw
      hash: md5
      md5: fb326d2eec197669f9638afde28356bf.dir
      size: 827973
      nfiles: 2
    - path: src/data/data_preprocessing.py
      hash: md5
      md5: 8182f44700f97f5fc5863fee88ff74ba
      size: 3974
    outs:
    - path: data/interim
      hash: md5
      md5: e38399fb0ea14943236f77b352df5875.dir
      size: 572486
      nfiles: 2
  feature_engineering:
    cmd: python src/features/feature_engineering.py
    deps:
    - path: data/interim
      hash: md5
      md5: e38399fb0ea14943236f77b352df5875.dir
      size: 572486
      nfiles: 2
    - path: src/features/feature_engineering.py
      hash: md5
      md5: 2caa19481f2a4eaad3708c5625398d4b
      size: 3762
    params:
      params.yaml:
        feature_engineering.max_features: 15
    outs:
    - path: data/processed
      hash: md5
      md5: 9c061adf861c461eafa932856272a828.dir
      size: 715194
      nfiles: 2
  model_building:
    cmd: python src/model/model_building.py
    deps:
    - path: data/processed
      hash: md5
      md5: 9c061adf861c461eafa932856272a828.dir
      size: 715194
      nfiles: 2
    - path: src/model/model_building.py
      hash: md5
      md5: aaefba1050ba7240a0151659091d86e7
      size: 3053
    params:
      params.yaml:
        model_building.learning_rate: 0.1
        model_building.n_estimators: 10
    outs:
    - path: models/model.pkl
      hash: md5
      md5: 537dc2796adc03133cfbecd275820939
      size: 15847
  model_evaluation:
    cmd: python src/model/model_evaluation.py
    deps:
    - path: models/model.pkl
      hash: md5
      md5: 537dc2796adc03133cfbecd275820939
      size: 15847
    - path: src/model/model_evaluation.py
      hash: md5
      md5: 0fbb17e4edc3619bf2e1ac6871c2c6da
      size: 3353
    outs:
    - path: reports/metrics.json
      hash: md5
      md5: f414a184b15531c447d04da6db212bb1
      size: 145
